// !$*UTF8*$!
{
	archiveVersion = 1;
	classes = {
	};
	objectVersion = 77;
	objects = {

/* Begin PBXBuildFile section */
		E54E8B842F3AEA5900E69076 /* Nuke in Frameworks */ = {isa = PBXBuildFile; productRef = E54E8B832F3AEA5900E69076 /* Nuke */; };
		E54E8B862F3AEA5900E69076 /* NukeExtensions in Frameworks */ = {isa = PBXBuildFile; productRef = E54E8B852F3AEA5900E69076 /* NukeExtensions */; };
		E54E8B882F3AEA5900E69076 /* NukeUI in Frameworks */ = {isa = PBXBuildFile; productRef = E54E8B872F3AEA5900E69076 /* NukeUI */; };
/* End PBXBuildFile section */

/* Begin PBXContainerItemProxy section */
		E54E8B572F36EB0900E69076 /* PBXContainerItemProxy */ = {
			isa = PBXContainerItemProxy;
			containerPortal = E54E8B412F36EB0700E69076 /* Project object */;
			proxyType = 1;
			remoteGlobalIDString = E54E8B482F36EB0700E69076;
			remoteInfo = Sideline;
		};
		E54E8B612F36EB0900E69076 /* PBXContainerItemProxy */ = {
			isa = PBXContainerItemProxy;
			containerPortal = E54E8B412F36EB0700E69076 /* Project object */;
			proxyType = 1;
			remoteGlobalIDString = E54E8B482F36EB0700E69076;
			remoteInfo = Sideline;
		};
/* End PBXContainerItemProxy section */

/* Begin PBXFileReference section */
		E54E8B492F36EB0700E69076 /* Sideline.app */ = {isa = PBXFileReference; explicitFileType = wrapper.application; includeInIndex = 0; path = Sideline.app; sourceTree = BUILT_PRODUCTS_DIR; };
		E54E8B562F36EB0900E69076 /* SidelineTests.xctest */ = {isa = PBXFileReference; explicitFileType = wrapper.cfbundle; includeInIndex = 0; path = SidelineTests.xctest; sourceTree = BUILT_PRODUCTS_DIR; };
		E54E8B602F36EB0900E69076 /* SidelineUITests.xctest */ = {isa = PBXFileReference; explicitFileType = wrapper.cfbundle; includeInIndex = 0; path = SidelineUITests.xctest; sourceTree = BUILT_PRODUCTS_DIR; };
/* End PBXFileReference section */

/* Begin PBXFileSystemSynchronizedRootGroup section */
		E54E8B4B2F36EB0700E69076 /* Sideline */ = {
			isa = PBXFileSystemSynchronizedRootGroup;
			path = Sideline;
			sourceTree = "<group>";
		};
		E54E8B592F36EB0900E69076 /* SidelineTests */ = {
			isa = PBXFileSystemSynchronizedRootGroup;
			path = SidelineTests;
			sourceTree = "<group>";
		};
		E54E8B632F36EB0900E69076 /* SidelineUITests */ = {
			isa = PBXFileSystemSynchronizedRootGroup;
			path = SidelineUITests;
			sourceTree = "<group>";
		};
/* End PBXFileSystemSynchronizedRootGroup section */

/* Begin PBXFrameworksBuildPhase section */
		E54E8B462F36EB0700E69076 /* Frameworks */ = {
			isa = PBXFrameworksBuildPhase;
			buildActionMask = 2147483647;
			files = (
				E54E8B882F3AEA5900E69076 /* NukeUI in Frameworks */,
				E54E8B842F3AEA5900E69076 /* Nuke in Frameworks */,
				E54E8B862F3AEA5900E69076 /* NukeExtensions in Frameworks */,
			);
			runOnlyForDeploymentPostprocessing = 0;
		};
		E54E8B532F36EB0900E69076 /* Frameworks */ = {
			isa = PBXFrameworksBuildPhase;
			buildActionMask = 2147483647;
			files = (
			);
			runOnlyForDeploymentPostprocessing = 0;
		};
		E54E8B5D2F36EB0900E69076 /* Frameworks */ = {
			isa = PBXFrameworksBuildPhase;
			buildActionMask = 2147483647;
			files = (
			);
			runOnlyForDeploymentPostprocessing = 0;
		};
/* End PBXFrameworksBuildPhase section */

/* Begin PBXGroup section */
		E54E8B402F36EB0700E69076 = {
			isa = PBXGroup;
			children = (
				E54E8B4B2F36EB0700E69076 /* Sideline */,
				E54E8B592F36EB0900E69076 /* SidelineTests */,
				E54E8B632F36EB0900E69076 /* SidelineUITests */,
				E54E8B4A2F36EB0700E69076 /* Products */,
			);
			sourceTree = "<group>";
		};
		E54E8B4A2F36EB0700E69076 /* Products */ = {
			isa = PBXGroup;
			children = (
				E54E8B492F36EB0700E69076 /* Sideline.app */,
				E54E8B562F36EB0900E69076 /* SidelineTests.xctest */,
				E54E8B602F36EB0900E69076 /* SidelineUITests.xctest */,
			);
			name = Products;
			sourceTree = "<group>";
		};
/* End PBXGroup section */

/* Begin PBXNativeTarget section */
		E54E8B482F36EB0700E69076 /* Sideline */ = {
			isa = PBXNativeTarget;
			buildConfigurationList = E54E8B6A2F36EB0900E69076 /* Build configuration list for PBXNativeTarget "Sideline" */;
			buildPhases = (
				E54E8B452F36EB0700E69076 /* Sources */,
				E54E8B462F36EB0700E69076 /* Frameworks */,
				E54E8B472F36EB0700E69076 /* Resources */,
			);
			buildRules = (
			);
			dependencies = (
			);
			fileSystemSynchronizedGroups = (
				E54E8B4B2F36EB0700E69076 /* Sideline */,
			);
			name = Sideline;
			packageProductDependencies = (
				E54E8B832F3AEA5900E69076 /* Nuke */,
				E54E8B852F3AEA5900E69076 /* NukeExtensions */,
				E54E8B872F3AEA5900E69076 /* NukeUI */,
			);
			productName = Sideline;
			productReference = E54E8B492F36EB0700E69076 /* Sideline.app */;
			productType = "com.apple.product-type.application";
		};
		E54E8B552F36EB0900E69076 /* SidelineTests */ = {
			isa = PBXNativeTarget;
			buildConfigurationList = E54E8B6D2F36EB0900E69076 /* Build configuration list for PBXNativeTarget "SidelineTests" */;
			buildPhases = (
				E54E8B522F36EB0900E69076 /* Sources */,
				E54E8B532F36EB0900E69076 /* Frameworks */,
				E54E8B542F36EB0900E69076 /* Resources */,
			);
			buildRules = (
			);
			dependencies = (
				E54E8B582F36EB0900E69076 /* PBXTargetDependency */,
			);
			fileSystemSynchronizedGroups = (
				E54E8B592F36EB0900E69076 /* SidelineTests */,
			);
			name = SidelineTests;
			packageProductDependencies = (
			);
			productName = SidelineTests;
			productReference = E54E8B562F36EB0900E69076 /* SidelineTests.xctest */;
			productType = "com.apple.product-type.bundle.unit-test";
		};
		E54E8B5F2F36EB0900E69076 /* SidelineUITests */ = {
			isa = PBXNativeTarget;
			buildConfigurationList = E54E8B702F36EB0900E69076 /* Build configuration list for PBXNativeTarget "SidelineUITests" */;
			buildPhases = (
				E54E8B5C2F36EB0900E69076 /* Sources */,
				E54E8B5D2F36EB0900E69076 /* Frameworks */,
				E54E8B5E2F36EB0900E69076 /* Resources */,
			);
			buildRules = (
			);
			dependencies = (
				E54E8B622F36EB0900E69076 /* PBXTargetDependency */,
			);
			fileSystemSynchronizedGroups = (
				E54E8B632F36EB0900E69076 /* SidelineUITests */,
			);
			name = SidelineUITests;
			packageProductDependencies = (
			);
			productName = SidelineUITests;
			productReference = E54E8B602F36EB0900E69076 /* SidelineUITests.xctest */;
			productType = "com.apple.product-type.bundle.ui-testing";
		};
/* End PBXNativeTarget section */

/* Begin PBXProject section */
		E54E8B412F36EB0700E69076 /* Project object */ = {
			isa = PBXProject;
			attributes = {
				BuildIndependentTargetsInParallel = 1;
				LastSwiftUpdateCheck = 2610;
				LastUpgradeCheck = 2610;
				TargetAttributes = {
					E54E8B482F36EB0700E69076 = {
						CreatedOnToolsVersion = 26.1.1;
					};
					E54E8B552F36EB0900E69076 = {
						CreatedOnToolsVersion = 26.1.1;
						TestTargetID = E54E8B482F36EB0700E69076;
					};
					E54E8B5F2F36EB0900E69076 = {
						CreatedOnToolsVersion = 26.1.1;
						TestTargetID = E54E8B482F36EB0700E69076;
					};
				};
			};
			buildConfigurationList = E54E8B442F36EB0700E69076 /* Build configuration list for PBXProject "Sideline" */;
			developmentRegion = en;
			hasScannedForEncodings = 0;
			knownRegions = (
				en,
				Base,
			);
			mainGroup = E54E8B402F36EB0700E69076;
			minimizedProjectReferenceProxies = 1;
			packageReferences = (
				E54E8B822F3AEA5900E69076 /* XCRemoteSwiftPackageReference "Nuke" */,
			);
			preferredProjectObjectVersion = 77;
			productRefGroup = E54E8B4A2F36EB0700E69076 /* Products */;
			projectDirPath = "";
			projectRoot = "";
			targets = (
				E54E8B482F36EB0700E69076 /* Sideline */,
				E54E8B552F36EB0900E69076 /* SidelineTests */,
				E54E8B5F2F36EB0900E69076 /* SidelineUITests */,
			);
		};
/* End PBXProject section */

/* Begin PBXResourcesBuildPhase section */
		E54E8B472F36EB0700E69076 /* Resources */ = {
			isa = PBXResourcesBuildPhase;
			buildActionMask = 2147483647;
			files = (
			);
			runOnlyForDeploymentPostprocessing = 0;
		};
		E54E8B542F36EB0900E69076 /* Resources */ = {
			isa = PBXResourcesBuildPhase;
			buildActionMask = 2147483647;
			files = (
			);
			runOnlyForDeploymentPostprocessing = 0;
		};
		E54E8B5E2F36EB0900E69076 /* Resources */ = {
			isa = PBXResourcesBuildPhase;
			buildActionMask = 2147483647;
			files = (
			);
			runOnlyForDeploymentPostprocessing = 0;
		};
/* End PBXResourcesBuildPhase section */

/* Begin PBXSourcesBuildPhase section */
		E54E8B452F36EB0700E69076 /* Sources */ = {
			isa = PBXSourcesBuildPhase;
			buildActionMask = 2147483647;
			files = (
			);
			runOnlyForDeploymentPostprocessing = 0;
		};
		E54E8B522F36EB0900E69076 /* Sources */ = {
			isa = PBXSourcesBuildPhase;
			buildActionMask = 2147483647;
			files = (
			);
			runOnlyForDeploymentPostprocessing = 0;
		};
		E54E8B5C2F36EB0900E69076 /* Sources */ = {
			isa = PBXSourcesBuildPhase;
			buildActionMask = 2147483647;
			files = (
			);
			runOnlyForDeploymentPostprocessing = 0;
		};
/* End PBXSourcesBuildPhase section */

/* Begin PBXTargetDependency section */
		E54E8B582F36EB0900E69076 /* PBXTargetDependency */ = {
			isa = PBXTargetDependency;
			target = E54E8B482F36EB0700E69076 /* Sideline */;
			targetProxy = E54E8B572F36EB0900E69076 /* PBXContainerItemProxy */;
		};
		E54E8B622F36EB0900E69076 /* PBXTargetDependency */ = {
			isa = PBXTargetDependency;
			target = E54E8B482F36EB0700E69076 /* Sideline */;
			targetProxy = E54E8B612F36EB0900E69076 /* PBXContainerItemProxy */;
		};
/* End PBXTargetDependency section */

/* Begin XCBuildConfiguration section */
		E54E8B682F36EB0900E69076 /* Debug */ = {
			isa = XCBuildConfiguration;
			buildSettings = {
				ALWAYS_SEARCH_USER_PATHS = NO;
				ASSETCATALOG_COMPILER_GENERATE_SWIFT_ASSET_SYMBOL_EXTENSIONS = YES;
				CLANG_ANALYZER_NONNULL = YES;
				CLANG_ANALYZER_NUMBER_OBJECT_CONVERSION = YES_AGGRESSIVE;
				CLANG_CXX_LANGUAGE_STANDARD = "gnu++20";
				CLANG_ENABLE_MODULES = YES;
				CLANG_ENABLE_OBJC_ARC = YES;
				CLANG_ENABLE_OBJC_WEAK = YES;
				CLANG_WARN_BLOCK_CAPTURE_AUTORELEASING = YES;
				CLANG_WARN_BOOL_CONVERSION = YES;
				CLANG_WARN_COMMA = YES;
				CLANG_WARN_CONSTANT_CONVERSION = YES;
				CLANG_WARN_DEPRECATED_OBJC_IMPLEMENTATIONS = YES;
				CLANG_WARN_DIRECT_OBJC_ISA_USAGE = YES_ERROR;
				CLANG_WARN_DOCUMENTATION_COMMENTS = YES;
				CLANG_WARN_EMPTY_BODY = YES;
				CLANG_WARN_ENUM_CONVERSION = YES;
				CLANG_WARN_INFINITE_RECURSION = YES;
				CLANG_WARN_INT_CONVERSION = YES;
				CLANG_WARN_NON_LITERAL_NULL_CONVERSION = YES;
				CLANG_WARN_OBJC_IMPLICIT_RETAIN_SELF = YES;
				CLANG_WARN_OBJC_LITERAL_CONVERSION = YES;
				CLANG_WARN_OBJC_ROOT_CLASS = YES_ERROR;
				CLANG_WARN_QUOTED_INCLUDE_IN_FRAMEWORK_HEADER = YES;
				CLANG_WARN_RANGE_LOOP_ANALYSIS = YES;
				CLANG_WARN_STRICT_PROTOTYPES = YES;
				CLANG_WARN_SUSPICIOUS_MOVE = YES;
				CLANG_WARN_UNGUARDED_AVAILABILITY = YES_AGGRESSIVE;
				CLANG_WARN_UNREACHABLE_CODE = YES;
				CLANG_WARN__DUPLICATE_METHOD_MATCH = YES;
				COPY_PHASE_STRIP = NO;
				DEBUG_INFORMATION_FORMAT = dwarf;
				DEVELOPMENT_TEAM = 77TRP2G374;
				ENABLE_STRICT_OBJC_MSGSEND = YES;
				ENABLE_TESTABILITY = YES;
				ENABLE_USER_SCRIPT_SANDBOXING = YES;
				GCC_C_LANGUAGE_STANDARD = gnu17;
				GCC_DYNAMIC_NO_PIC = NO;
				GCC_NO_COMMON_BLOCKS = YES;
				GCC_OPTIMIZATION_LEVEL = 0;
				GCC_PREPROCESSOR_DEFINITIONS = (
					"DEBUG=1",
					"$(inherited)",
				);
				GCC_WARN_64_TO_32_BIT_CONVERSION = YES;
				GCC_WARN_ABOUT_RETURN_TYPE = YES_ERROR;
				GCC_WARN_UNDECLARED_SELECTOR = YES;
				GCC_WARN_UNINITIALIZED_AUTOS = YES_AGGRESSIVE;
				GCC_WARN_UNUSED_FUNCTION = YES;
				GCC_WARN_UNUSED_VARIABLE = YES;
				IPHONEOS_DEPLOYMENT_TARGET = 26.1;
				LOCALIZATION_PREFERS_STRING_CATALOGS = YES;
				MTL_ENABLE_DEBUG_INFO = INCLUDE_SOURCE;
				MTL_FAST_MATH = YES;
				ONLY_ACTIVE_ARCH = YES;
				SDKROOT = iphoneos;
				SWIFT_ACTIVE_COMPILATION_CONDITIONS = "DEBUG $(inherited)";
				SWIFT_OPTIMIZATION_LEVEL = "-Onone";
			};
			name = Debug;
		};
		E54E8B692F36EB0900E69076 /* Release */ = {
			isa = XCBuildConfiguration;
			buildSettings = {
				ALWAYS_SEARCH_USER_PATHS = NO;
				ASSETCATALOG_COMPILER_GENERATE_SWIFT_ASSET_SYMBOL_EXTENSIONS = YES;
				CLANG_ANALYZER_NONNULL = YES;
				CLANG_ANALYZER_NUMBER_OBJECT_CONVERSION = YES_AGGRESSIVE;
				CLANG_CXX_LANGUAGE_STANDARD = "gnu++20";
				CLANG_ENABLE_MODULES = YES;
				CLANG_ENABLE_OBJC_ARC = YES;
				CLANG_ENABLE_OBJC_WEAK = YES;
				CLANG_WARN_BLOCK_CAPTURE_AUTORELEASING = YES;
				CLANG_WARN_BOOL_CONVERSION = YES;
				CLANG_WARN_COMMA = YES;
				CLANG_WARN_CONSTANT_CONVERSION = YES;
				CLANG_WARN_DEPRECATED_OBJC_IMPLEMENTATIONS = YES;
				CLANG_WARN_DIRECT_OBJC_ISA_USAGE = YES_ERROR;
				CLANG_WARN_DOCUMENTATION_COMMENTS = YES;
				CLANG_WARN_EMPTY_BODY = YES;
				CLANG_WARN_ENUM_CONVERSION = YES;
				CLANG_WARN_INFINITE_RECURSION = YES;
				CLANG_WARN_INT_CONVERSION = YES;
				CLANG_WARN_NON_LITERAL_NULL_CONVERSION = YES;
				CLANG_WARN_OBJC_IMPLICIT_RETAIN_SELF = YES;
				CLANG_WARN_OBJC_LITERAL_CONVERSION = YES;
				CLANG_WARN_OBJC_ROOT_CLASS = YES_ERROR;
				CLANG_WARN_QUOTED_INCLUDE_IN_FRAMEWORK_HEADER = YES;
				CLANG_WARN_RANGE_LOOP_ANALYSIS = YES;
				CLANG_WARN_STRICT_PROTOTYPES = YES;
				CLANG_WARN_SUSPICIOUS_MOVE = YES;
				CLANG_WARN_UNGUARDED_AVAILABILITY = YES_AGGRESSIVE;
				CLANG_WARN_UNREACHABLE_CODE = YES;
				CLANG_WARN__DUPLICATE_METHOD_MATCH = YES;
				COPY_PHASE_STRIP = NO;
				DEBUG_INFORMATION_FORMAT = "dwarf-with-dsym";
				DEVELOPMENT_TEAM = 77TRP2G374;
				ENABLE_NS_ASSERTIONS = NO;
				ENABLE_STRICT_OBJC_MSGSEND = YES;
				ENABLE_USER_SCRIPT_SANDBOXING = YES;
				GCC_C_LANGUAGE_STANDARD = gnu17;
				GCC_NO_COMMON_BLOCKS = YES;
				GCC_WARN_64_TO_32_BIT_CONVERSION = YES;
				GCC_WARN_ABOUT_RETURN_TYPE = YES_ERROR;
				GCC_WARN_UNDECLARED_SELECTOR = YES;
				GCC_WARN_UNINITIALIZED_AUTOS = YES_AGGRESSIVE;
				GCC_WARN_UNUSED_FUNCTION = YES;
				GCC_WARN_UNUSED_VARIABLE = YES;
				IPHONEOS_DEPLOYMENT_TARGET = 26.1;
				LOCALIZATION_PREFERS_STRING_CATALOGS = YES;
				MTL_ENABLE_DEBUG_INFO = NO;
				MTL_FAST_MATH = YES;
				SDKROOT = iphoneos;
				SWIFT_COMPILATION_MODE = wholemodule;
				VALIDATE_PRODUCT = YES;
			};
			name = Release;
		};
		E54E8B6B2F36EB0900E69076 /* Debug */ = {
			isa = XCBuildConfiguration;
			buildSettings = {
				ASSETCATALOG_COMPILER_APPICON_NAME = AppIcon;
				ASSETCATALOG_COMPILER_GLOBAL_ACCENT_COLOR_NAME = AccentColor;
				CODE_SIGN_STYLE = Automatic;
				CURRENT_PROJECT_VERSION = 1;
				DEVELOPMENT_TEAM = 77TRP2G374;
				ENABLE_PREVIEWS = YES;
				GENERATE_INFOPLIST_FILE = YES;
				INFOPLIST_KEY_UIApplicationSceneManifest_Generation = YES;
				INFOPLIST_KEY_UIApplicationSupportsIndirectInputEvents = YES;
				INFOPLIST_KEY_UILaunchScreen_Generation = YES;
				INFOPLIST_KEY_UISupportedInterfaceOrientations_iPad = "UIInterfaceOrientationPortrait UIInterfaceOrientationPortraitUpsideDown UIInterfaceOrientationLandscapeLeft UIInterfaceOrientationLandscapeRight";
				INFOPLIST_KEY_UISupportedInterfaceOrientations_iPhone = "UIInterfaceOrientationPortrait UIInterfaceOrientationLandscapeLeft UIInterfaceOrientationLandscapeRight";
				LD_RUNPATH_SEARCH_PATHS = (
					"$(inherited)",
					"@executable_path/Frameworks",
				);
				MARKETING_VERSION = 1.0;
				PRODUCT_BUNDLE_IDENTIFIER = com.MichaelGillund.Sideline;
				PRODUCT_NAME = "$(TARGET_NAME)";
				STRING_CATALOG_GENERATE_SYMBOLS = YES;
				SWIFT_APPROACHABLE_CONCURRENCY = YES;
				SWIFT_DEFAULT_ACTOR_ISOLATION = MainActor;
				SWIFT_EMIT_LOC_STRINGS = YES;
				SWIFT_UPCOMING_FEATURE_MEMBER_IMPORT_VISIBILITY = YES;
				SWIFT_VERSION = 5.0;
				TARGETED_DEVICE_FAMILY = "1,2";
			};
			name = Debug;
		};
		E54E8B6C2F36EB0900E69076 /* Release */ = {
			isa = XCBuildConfiguration;
			buildSettings = {
				ASSETCATALOG_COMPILER_APPICON_NAME = AppIcon;
				ASSETCATALOG_COMPILER_GLOBAL_ACCENT_COLOR_NAME = AccentColor;
				CODE_SIGN_STYLE = Automatic;
				CURRENT_PROJECT_VERSION = 1;
				DEVELOPMENT_TEAM = 77TRP2G374;
				ENABLE_PREVIEWS = YES;
				GENERATE_INFOPLIST_FILE = YES;
				INFOPLIST_KEY_UIApplicationSceneManifest_Generation = YES;
				INFOPLIST_KEY_UIApplicationSupportsIndirectInputEvents = YES;
				INFOPLIST_KEY_UILaunchScreen_Generation = YES;
				INFOPLIST_KEY_UISupportedInterfaceOrientations_iPad = "UIInterfaceOrientationPortrait UIInterfaceOrientationPortraitUpsideDown UIInterfaceOrientationLandscapeLeft UIInterfaceOrientationLandscapeRight";
				INFOPLIST_KEY_UISupportedInterfaceOrientations_iPhone = "UIInterfaceOrientationPortrait UIInterfaceOrientationLandscapeLeft UIInterfaceOrientationLandscapeRight";
				LD_RUNPATH_SEARCH_PATHS = (
					"$(inherited)",
					"@executable_path/Frameworks",
				);
				MARKETING_VERSION = 1.0;
				PRODUCT_BUNDLE_IDENTIFIER = com.MichaelGillund.Sideline;
				PRODUCT_NAME = "$(TARGET_NAME)";
				STRING_CATALOG_GENERATE_SYMBOLS = YES;
				SWIFT_APPROACHABLE_CONCURRENCY = YES;
				SWIFT_DEFAULT_ACTOR_ISOLATION = MainActor;
				SWIFT_EMIT_LOC_STRINGS = YES;
				SWIFT_UPCOMING_FEATURE_MEMBER_IMPORT_VISIBILITY = YES;
				SWIFT_VERSION = 5.0;
				TARGETED_DEVICE_FAMILY = "1,2";
			};
			name = Release;
		};
		E54E8B6E2F36EB0900E69076 /* Debug */ = {
			isa = XCBuildConfiguration;
			buildSettings = {
				BUNDLE_LOADER = "$(TEST_HOST)";
				CODE_SIGN_STYLE = Automatic;
				CURRENT_PROJECT_VERSION = 1;
				DEVELOPMENT_TEAM = 77TRP2G374;
				GENERATE_INFOPLIST_FILE = YES;
				IPHONEOS_DEPLOYMENT_TARGET = 26.1;
				MARKETING_VERSION = 1.0;
				PRODUCT_BUNDLE_IDENTIFIER = com.MichaelGillund.SidelineTests;
				PRODUCT_NAME = "$(TARGET_NAME)";
				STRING_CATALOG_GENERATE_SYMBOLS = NO;
				SWIFT_APPROACHABLE_CONCURRENCY = YES;
				SWIFT_EMIT_LOC_STRINGS = NO;
				SWIFT_UPCOMING_FEATURE_MEMBER_IMPORT_VISIBILITY = YES;
				SWIFT_VERSION = 5.0;
				TARGETED_DEVICE_FAMILY = "1,2";
				TEST_HOST = "$(BUILT_PRODUCTS_DIR)/Sideline.app/$(BUNDLE_EXECUTABLE_FOLDER_PATH)/Sideline";
			};
			name = Debug;
		};
		E54E8B6F2F36EB0900E69076 /* Release */ = {
			isa = XCBuildConfiguration;
			buildSettings = {
				BUNDLE_LOADER = "$(TEST_HOST)";
				CODE_SIGN_STYLE = Automatic;
				CURRENT_PROJECT_VERSION = 1;
				DEVELOPMENT_TEAM = 77TRP2G374;
				GENERATE_INFOPLIST_FILE = YES;
				IPHONEOS_DEPLOYMENT_TARGET = 26.1;
				MARKETING_VERSION = 1.0;
				PRODUCT_BUNDLE_IDENTIFIER = com.MichaelGillund.SidelineTests;
				PRODUCT_NAME = "$(TARGET_NAME)";
				STRING_CATALOG_GENERATE_SYMBOLS = NO;
				SWIFT_APPROACHABLE_CONCURRENCY = YES;
				SWIFT_EMIT_LOC_STRINGS = NO;
				SWIFT_UPCOMING_FEATURE_MEMBER_IMPORT_VISIBILITY = YES;
				SWIFT_VERSION = 5.0;
				TARGETED_DEVICE_FAMILY = "1,2";
				TEST_HOST = "$(BUILT_PRODUCTS_DIR)/Sideline.app/$(BUNDLE_EXECUTABLE_FOLDER_PATH)/Sideline";
			};
			name = Release;
		};
		E54E8B712F36EB0900E69076 /* Debug */ = {
			isa = XCBuildConfiguration;
			buildSettings = {
				CODE_SIGN_STYLE = Automatic;
				CURRENT_PROJECT_VERSION = 1;
				DEVELOPMENT_TEAM = 77TRP2G374;
				GENERATE_INFOPLIST_FILE = YES;
				MARKETING_VERSION = 1.0;
				PRODUCT_BUNDLE_IDENTIFIER = com.MichaelGillund.SidelineUITests;
				PRODUCT_NAME = "$(TARGET_NAME)";
				STRING_CATALOG_GENERATE_SYMBOLS = NO;
				SWIFT_APPROACHABLE_CONCURRENCY = YES;
				SWIFT_EMIT_LOC_STRINGS = NO;
				SWIFT_UPCOMING_FEATURE_MEMBER_IMPORT_VISIBILITY = YES;
				SWIFT_VERSION = 5.0;
				TARGETED_DEVICE_FAMILY = "1,2";
				TEST_TARGET_NAME = Sideline;
			};
			name = Debug;
		};
		E54E8B722F36EB0900E69076 /* Release */ = {
			isa = XCBuildConfiguration;
			buildSettings = {
				CODE_SIGN_STYLE = Automatic;
				CURRENT_PROJECT_VERSION = 1;
				DEVELOPMENT_TEAM = 77TRP2G374;
				GENERATE_INFOPLIST_FILE = YES;
				MARKETING_VERSION = 1.0;
				PRODUCT_BUNDLE_IDENTIFIER = com.MichaelGillund.SidelineUITests;
				PRODUCT_NAME = "$(TARGET_NAME)";
				STRING_CATALOG_GENERATE_SYMBOLS = NO;
				SWIFT_APPROACHABLE_CONCURRENCY = YES;
				SWIFT_EMIT_LOC_STRINGS = NO;
				SWIFT_UPCOMING_FEATURE_MEMBER_IMPORT_VISIBILITY = YES;
				SWIFT_VERSION = 5.0;
				TARGETED_DEVICE_FAMILY = "1,2";
				TEST_TARGET_NAME = Sideline;
			};
			name = Release;
		};
/* End XCBuildConfiguration section */

/* Begin XCConfigurationList section */
		E54E8B442F36EB0700E69076 /* Build configuration list for PBXProject "Sideline" */ = {
			isa = XCConfigurationList;
			buildConfigurations = (
				E54E8B682F36EB0900E69076 /* Debug */,
				E54E8B692F36EB0900E69076 /* Release */,
			);
			defaultConfigurationIsVisible = 0;
			defaultConfigurationName = Release;
		};
		E54E8B6A2F36EB0900E69076 /* Build configuration list for PBXNativeTarget "Sideline" */ = {
			isa = XCConfigurationList;
			buildConfigurations = (
				E54E8B6B2F36EB0900E69076 /* Debug */,
				E54E8B6C2F36EB0900E69076 /* Release */,
			);
			defaultConfigurationIsVisible = 0;
			defaultConfigurationName = Release;
		};
		E54E8B6D2F36EB0900E69076 /* Build configuration list for PBXNativeTarget "SidelineTests" */ = {
			isa = XCConfigurationList;
			buildConfigurations = (
				E54E8B6E2F36EB0900E69076 /* Debug */,
				E54E8B6F2F36EB0900E69076 /* Release */,
			);
			defaultConfigurationIsVisible = 0;
			defaultConfigurationName = Release;
		};
		E54E8B702F36EB0900E69076 /* Build configuration list for PBXNativeTarget "SidelineUITests" */ = {
			isa = XCConfigurationList;
			buildConfigurations = (
				E54E8B712F36EB0900E69076 /* Debug */,
				E54E8B722F36EB0900E69076 /* Release */,
			);
			defaultConfigurationIsVisible = 0;
			defaultConfigurationName = Release;
		};
/* End XCConfigurationList section */

/* Begin XCRemoteSwiftPackageReference section */
		E54E8B822F3AEA5900E69076 /* XCRemoteSwiftPackageReference "Nuke" */ = {
			isa = XCRemoteSwiftPackageReference;
			repositoryURL = "https://github.com/kean/Nuke.git";
			requirement = {
				kind = upToNextMajorVersion;
				minimumVersion = 12.8.0;
			};
		};
/* End XCRemoteSwiftPackageReference section */

/* Begin XCSwiftPackageProductDependency section */
		E54E8B832F3AEA5900E69076 /* Nuke */ = {
			isa = XCSwiftPackageProductDependency;
			package = E54E8B822F3AEA5900E69076 /* XCRemoteSwiftPackageReference "Nuke" */;
			productName = Nuke;
		};
		E54E8B852F3AEA5900E69076 /* NukeExtensions */ = {
			isa = XCSwiftPackageProductDependency;
			package = E54E8B822F3AEA5900E69076 /* XCRemoteSwiftPackageReference "Nuke" */;
			productName = NukeExtensions;
		};
		E54E8B872F3AEA5900E69076 /* NukeUI */ = {
			isa = XCSwiftPackageProductDependency;
			package = E54E8B822F3AEA5900E69076 /* XCRemoteSwiftPackageReference "Nuke" */;
			productName = NukeUI;
		};
/* End XCSwiftPackageProductDependency section */
	};
	rootObject = E54E8B412F36EB0700E69076 /* Project object */;
}
